// !$*UTF8*$!
{
	archiveVersion = 1;
	classes = {
	};
	objectVersion = 46;
	objects = {

/* Begin PBXBuildFile section */
		BB6CBA491CC7218900193825 /* AppDelegate.swift in Sources */ = {isa = PBXBuildFile; fileRef = BB6CBA481CC7218900193825 /* AppDelegate.swift */; };
		BB6CBA4B1CC7218900193825 /* ViewController.swift in Sources */ = {isa = PBXBuildFile; fileRef = BB6CBA4A1CC7218900193825 /* ViewController.swift */; };
		BB6CBA4E1CC7218900193825 /* Main.storyboard in Resources */ = {isa = PBXBuildFile; fileRef = BB6CBA4C1CC7218900193825 /* Main.storyboard */; };
		BB6CBA501CC7218900193825 /* Assets.xcassets in Resources */ = {isa = PBXBuildFile; fileRef = BB6CBA4F1CC7218900193825 /* Assets.xcassets */; };
		BB6CBA531CC7218900193825 /* LaunchScreen.storyboard in Resources */ = {isa = PBXBuildFile; fileRef = BB6CBA511CC7218900193825 /* LaunchScreen.storyboard */; };
		BB6CBA5E1CC7218900193825 /* HotChatTests.swift in Sources */ = {isa = PBXBuildFile; fileRef = BB6CBA5D1CC7218900193825 /* HotChatTests.swift */; };
		BB6CBA691CC7218A00193825 /* HotChatUITests.swift in Sources */ = {isa = PBXBuildFile; fileRef = BB6CBA681CC7218A00193825 /* HotChatUITests.swift */; };
		BB6CBA7B1CC7236C00193825 /* Chat.swift in Sources */ = {isa = PBXBuildFile; fileRef = BB6CBA7A1CC7236C00193825 /* Chat.swift */; };
		BB6CBA7D1CC7237500193825 /* User.swift in Sources */ = {isa = PBXBuildFile; fileRef = BB6CBA7C1CC7237500193825 /* User.swift */; };
		BB6CBA7F1CC7238000193825 /* Event.swift in Sources */ = {isa = PBXBuildFile; fileRef = BB6CBA7E1CC7238000193825 /* Event.swift */; };
		BB6CBA821CC723E000193825 /* EventListTableViewController.swift in Sources */ = {isa = PBXBuildFile; fileRef = BB6CBA801CC723E000193825 /* EventListTableViewController.swift */; };
		BB6CBA831CC723E000193825 /* EventListTableViewController.xib in Resources */ = {isa = PBXBuildFile; fileRef = BB6CBA811CC723E000193825 /* EventListTableViewController.xib */; };
		BB6CBA861CC7240100193825 /* ChatListViewController.swift in Sources */ = {isa = PBXBuildFile; fileRef = BB6CBA841CC7240100193825 /* ChatListViewController.swift */; };
		BB6CBA871CC7240100193825 /* ChatListViewController.xib in Resources */ = {isa = PBXBuildFile; fileRef = BB6CBA851CC7240100193825 /* ChatListViewController.xib */; };
		BB6CBA8A1CC7243400193825 /* SearchStartViewController.swift in Sources */ = {isa = PBXBuildFile; fileRef = BB6CBA881CC7243400193825 /* SearchStartViewController.swift */; };
		BB6CBA8B1CC7243400193825 /* SearchStartViewController.xib in Resources */ = {isa = PBXBuildFile; fileRef = BB6CBA891CC7243400193825 /* SearchStartViewController.xib */; };
		BB6CBA8F1CC7247800193825 /* EventTableViewCell.swift in Sources */ = {isa = PBXBuildFile; fileRef = BB6CBA8D1CC7247800193825 /* EventTableViewCell.swift */; };
		BB6CBA901CC7247800193825 /* EventTableViewCell.xib in Resources */ = {isa = PBXBuildFile; fileRef = BB6CBA8E1CC7247800193825 /* EventTableViewCell.xib */; };
		BB6CBA931CC7248700193825 /* ChatTableViewCell.swift in Sources */ = {isa = PBXBuildFile; fileRef = BB6CBA911CC7248700193825 /* ChatTableViewCell.swift */; };
		BB6CBA941CC7248700193825 /* ChatOtherTableViewCell.xib in Resources */ = {isa = PBXBuildFile; fileRef = BB6CBA921CC7248700193825 /* ChatOtherTableViewCell.xib */; };
		BB6CBA981CC73F0D00193825 /* APIManager.swift in Sources */ = {isa = PBXBuildFile; fileRef = BB6CBA971CC73F0D00193825 /* APIManager.swift */; };
		BB6CBA9C1CC7409E00193825 /* ChatMeTableViewCell.xib in Resources */ = {isa = PBXBuildFile; fileRef = BB6CBA9A1CC7409E00193825 /* ChatMeTableViewCell.xib */; };
		BB6CBA9E1CC7A5CB00193825 /* Location.swift in Sources */ = {isa = PBXBuildFile; fileRef = BB6CBA9D1CC7A5CB00193825 /* Location.swift */; };
		CDAD178C1CC7DAF900A539BE /* EventCreateViewController.swift in Sources */ = {isa = PBXBuildFile; fileRef = CDAD178A1CC7DAF900A539BE /* EventCreateViewController.swift */; };
		CDAD178D1CC7DAF900A539BE /* EventCreateViewController.xib in Resources */ = {isa = PBXBuildFile; fileRef = CDAD178B1CC7DAF900A539BE /* EventCreateViewController.xib */; };
		CDE5663D1CCB005B00226321 /* UIViewExtension.swift in Sources */ = {isa = PBXBuildFile; fileRef = CDE5663C1CCB005B00226321 /* UIViewExtension.swift */; };
		CDE5663F1CCB148C00226321 /* AccountManager.swift in Sources */ = {isa = PBXBuildFile; fileRef = CDE5663E1CCB148C00226321 /* AccountManager.swift */; };
		CDE566421CCB150F00226321 /* AccountEditViewController.swift in Sources */ = {isa = PBXBuildFile; fileRef = CDE566401CCB150F00226321 /* AccountEditViewController.swift */; };
		CDE566431CCB150F00226321 /* AccountEditViewController.xib in Resources */ = {isa = PBXBuildFile; fileRef = CDE566411CCB150F00226321 /* AccountEditViewController.xib */; };
		CDE566461CCBAE0B00226321 /* TextInputViewController.swift in Sources */ = {isa = PBXBuildFile; fileRef = CDE566441CCBAE0B00226321 /* TextInputViewController.swift */; };
		CDE566471CCBAE0B00226321 /* TextInputViewController.xib in Resources */ = {isa = PBXBuildFile; fileRef = CDE566451CCBAE0B00226321 /* TextInputViewController.xib */; };
		CDE5664A1CCBAE2500226321 /* DateSettingViewController.swift in Sources */ = {isa = PBXBuildFile; fileRef = CDE566481CCBAE2500226321 /* DateSettingViewController.swift */; };
		CDE5664B1CCBAE2500226321 /* DateSettingViewController.xib in Resources */ = {isa = PBXBuildFile; fileRef = CDE566491CCBAE2500226321 /* DateSettingViewController.xib */; };
		CDE5664D1CCBB49000226321 /* NSDateExtension.swift in Sources */ = {isa = PBXBuildFile; fileRef = CDE5664C1CCBB49000226321 /* NSDateExtension.swift */; };
		CDE566511CCBCBFD00226321 /* UIColorExtension.swift in Sources */ = {isa = PBXBuildFile; fileRef = CDE566501CCBCBFD00226321 /* UIColorExtension.swift */; };
		CDE566531CCBCCF300226321 /* HotChatVC.swift in Sources */ = {isa = PBXBuildFile; fileRef = CDE566521CCBCCF300226321 /* HotChatVC.swift */; };
/* End PBXBuildFile section */

/* Begin PBXContainerItemProxy section */
		BB6CBA5A1CC7218900193825 /* PBXContainerItemProxy */ = {
			isa = PBXContainerItemProxy;
			containerPortal = BB6CBA3D1CC7218900193825 /* Project object */;
			proxyType = 1;
			remoteGlobalIDString = BB6CBA441CC7218900193825;
			remoteInfo = HotChat;
		};
		BB6CBA651CC7218A00193825 /* PBXContainerItemProxy */ = {
			isa = PBXContainerItemProxy;
			containerPortal = BB6CBA3D1CC7218900193825 /* Project object */;
			proxyType = 1;
			remoteGlobalIDString = BB6CBA441CC7218900193825;
			remoteInfo = HotChat;
		};
/* End PBXContainerItemProxy section */

/* Begin PBXFileReference section */
		BB6CBA451CC7218900193825 /* HotChat.app */ = {isa = PBXFileReference; explicitFileType = wrapper.application; includeInIndex = 0; path = HotChat.app; sourceTree = BUILT_PRODUCTS_DIR; };
		BB6CBA481CC7218900193825 /* AppDelegate.swift */ = {isa = PBXFileReference; lastKnownFileType = sourcecode.swift; path = AppDelegate.swift; sourceTree = "<group>"; };
		BB6CBA4A1CC7218900193825 /* ViewController.swift */ = {isa = PBXFileReference; lastKnownFileType = sourcecode.swift; path = ViewController.swift; sourceTree = "<group>"; };
		BB6CBA4D1CC7218900193825 /* Base */ = {isa = PBXFileReference; lastKnownFileType = file.storyboard; name = Base; path = Base.lproj/Main.storyboard; sourceTree = "<group>"; };
		BB6CBA4F1CC7218900193825 /* Assets.xcassets */ = {isa = PBXFileReference; lastKnownFileType = folder.assetcatalog; path = Assets.xcassets; sourceTree = "<group>"; };
		BB6CBA521CC7218900193825 /* Base */ = {isa = PBXFileReference; lastKnownFileType = file.storyboard; name = Base; path = Base.lproj/LaunchScreen.storyboard; sourceTree = "<group>"; };
		BB6CBA541CC7218900193825 /* Info.plist */ = {isa = PBXFileReference; lastKnownFileType = text.plist.xml; path = Info.plist; sourceTree = "<group>"; };
		BB6CBA591CC7218900193825 /* HotChatTests.xctest */ = {isa = PBXFileReference; explicitFileType = wrapper.cfbundle; includeInIndex = 0; path = HotChatTests.xctest; sourceTree = BUILT_PRODUCTS_DIR; };
		BB6CBA5D1CC7218900193825 /* HotChatTests.swift */ = {isa = PBXFileReference; lastKnownFileType = sourcecode.swift; path = HotChatTests.swift; sourceTree = "<group>"; };
		BB6CBA5F1CC7218900193825 /* Info.plist */ = {isa = PBXFileReference; lastKnownFileType = text.plist.xml; path = Info.plist; sourceTree = "<group>"; };
		BB6CBA641CC7218A00193825 /* HotChatUITests.xctest */ = {isa = PBXFileReference; explicitFileType = wrapper.cfbundle; includeInIndex = 0; path = HotChatUITests.xctest; sourceTree = BUILT_PRODUCTS_DIR; };
		BB6CBA681CC7218A00193825 /* HotChatUITests.swift */ = {isa = PBXFileReference; lastKnownFileType = sourcecode.swift; path = HotChatUITests.swift; sourceTree = "<group>"; };
		BB6CBA6A1CC7218A00193825 /* Info.plist */ = {isa = PBXFileReference; lastKnownFileType = text.plist.xml; path = Info.plist; sourceTree = "<group>"; };
		BB6CBA7A1CC7236C00193825 /* Chat.swift */ = {isa = PBXFileReference; fileEncoding = 4; lastKnownFileType = sourcecode.swift; path = Chat.swift; sourceTree = "<group>"; };
		BB6CBA7C1CC7237500193825 /* User.swift */ = {isa = PBXFileReference; fileEncoding = 4; lastKnownFileType = sourcecode.swift; path = User.swift; sourceTree = "<group>"; };
		BB6CBA7E1CC7238000193825 /* Event.swift */ = {isa = PBXFileReference; fileEncoding = 4; lastKnownFileType = sourcecode.swift; path = Event.swift; sourceTree = "<group>"; };
		BB6CBA801CC723E000193825 /* EventListTableViewController.swift */ = {isa = PBXFileReference; fileEncoding = 4; lastKnownFileType = sourcecode.swift; path = EventListTableViewController.swift; sourceTree = "<group>"; };
		BB6CBA811CC723E000193825 /* EventListTableViewController.xib */ = {isa = PBXFileReference; fileEncoding = 4; lastKnownFileType = file.xib; path = EventListTableViewController.xib; sourceTree = "<group>"; };
		BB6CBA841CC7240100193825 /* ChatListViewController.swift */ = {isa = PBXFileReference; fileEncoding = 4; lastKnownFileType = sourcecode.swift; path = ChatListViewController.swift; sourceTree = "<group>"; };
		BB6CBA851CC7240100193825 /* ChatListViewController.xib */ = {isa = PBXFileReference; fileEncoding = 4; lastKnownFileType = file.xib; path = ChatListViewController.xib; sourceTree = "<group>"; };
		BB6CBA881CC7243400193825 /* SearchStartViewController.swift */ = {isa = PBXFileReference; fileEncoding = 4; lastKnownFileType = sourcecode.swift; path = SearchStartViewController.swift; sourceTree = "<group>"; };
		BB6CBA891CC7243400193825 /* SearchStartViewController.xib */ = {isa = PBXFileReference; fileEncoding = 4; lastKnownFileType = file.xib; path = SearchStartViewController.xib; sourceTree = "<group>"; };
		BB6CBA8D1CC7247800193825 /* EventTableViewCell.swift */ = {isa = PBXFileReference; fileEncoding = 4; lastKnownFileType = sourcecode.swift; path = EventTableViewCell.swift; sourceTree = "<group>"; };
		BB6CBA8E1CC7247800193825 /* EventTableViewCell.xib */ = {isa = PBXFileReference; fileEncoding = 4; lastKnownFileType = file.xib; path = EventTableViewCell.xib; sourceTree = "<group>"; };
		BB6CBA911CC7248700193825 /* ChatTableViewCell.swift */ = {isa = PBXFileReference; fileEncoding = 4; lastKnownFileType = sourcecode.swift; path = ChatTableViewCell.swift; sourceTree = "<group>"; };
		BB6CBA921CC7248700193825 /* ChatOtherTableViewCell.xib */ = {isa = PBXFileReference; fileEncoding = 4; lastKnownFileType = file.xib; path = ChatOtherTableViewCell.xib; sourceTree = "<group>"; };
		BB6CBA971CC73F0D00193825 /* APIManager.swift */ = {isa = PBXFileReference; fileEncoding = 4; lastKnownFileType = sourcecode.swift; path = APIManager.swift; sourceTree = "<group>"; };
		BB6CBA9A1CC7409E00193825 /* ChatMeTableViewCell.xib */ = {isa = PBXFileReference; fileEncoding = 4; lastKnownFileType = file.xib; path = ChatMeTableViewCell.xib; sourceTree = "<group>"; };
		BB6CBA9D1CC7A5CB00193825 /* Location.swift */ = {isa = PBXFileReference; fileEncoding = 4; lastKnownFileType = sourcecode.swift; path = Location.swift; sourceTree = "<group>"; };
		CDAD178A1CC7DAF900A539BE /* EventCreateViewController.swift */ = {isa = PBXFileReference; fileEncoding = 4; lastKnownFileType = sourcecode.swift; path = EventCreateViewController.swift; sourceTree = "<group>"; };
		CDAD178B1CC7DAF900A539BE /* EventCreateViewController.xib */ = {isa = PBXFileReference; fileEncoding = 4; lastKnownFileType = file.xib; path = EventCreateViewController.xib; sourceTree = "<group>"; };
		CDE5663C1CCB005B00226321 /* UIViewExtension.swift */ = {isa = PBXFileReference; fileEncoding = 4; lastKnownFileType = sourcecode.swift; path = UIViewExtension.swift; sourceTree = "<group>"; };
		CDE5663E1CCB148C00226321 /* AccountManager.swift */ = {isa = PBXFileReference; fileEncoding = 4; lastKnownFileType = sourcecode.swift; path = AccountManager.swift; sourceTree = "<group>"; };
		CDE566401CCB150F00226321 /* AccountEditViewController.swift */ = {isa = PBXFileReference; fileEncoding = 4; lastKnownFileType = sourcecode.swift; path = AccountEditViewController.swift; sourceTree = "<group>"; };
		CDE566411CCB150F00226321 /* AccountEditViewController.xib */ = {isa = PBXFileReference; fileEncoding = 4; lastKnownFileType = file.xib; path = AccountEditViewController.xib; sourceTree = "<group>"; };
		CDE566441CCBAE0B00226321 /* TextInputViewController.swift */ = {isa = PBXFileReference; fileEncoding = 4; lastKnownFileType = sourcecode.swift; path = TextInputViewController.swift; sourceTree = "<group>"; };
		CDE566451CCBAE0B00226321 /* TextInputViewController.xib */ = {isa = PBXFileReference; fileEncoding = 4; lastKnownFileType = file.xib; path = TextInputViewController.xib; sourceTree = "<group>"; };
		CDE566481CCBAE2500226321 /* DateSettingViewController.swift */ = {isa = PBXFileReference; fileEncoding = 4; lastKnownFileType = sourcecode.swift; path = DateSettingViewController.swift; sourceTree = "<group>"; };
		CDE566491CCBAE2500226321 /* DateSettingViewController.xib */ = {isa = PBXFileReference; fileEncoding = 4; lastKnownFileType = file.xib; path = DateSettingViewController.xib; sourceTree = "<group>"; };
		CDE5664C1CCBB49000226321 /* NSDateExtension.swift */ = {isa = PBXFileReference; fileEncoding = 4; lastKnownFileType = sourcecode.swift; path = NSDateExtension.swift; sourceTree = "<group>"; };
		CDE566501CCBCBFD00226321 /* UIColorExtension.swift */ = {isa = PBXFileReference; fileEncoding = 4; lastKnownFileType = sourcecode.swift; path = UIColorExtension.swift; sourceTree = "<group>"; };
		CDE566521CCBCCF300226321 /* HotChatVC.swift */ = {isa = PBXFileReference; fileEncoding = 4; lastKnownFileType = sourcecode.swift; path = HotChatVC.swift; sourceTree = "<group>"; };
/* End PBXFileReference section */

/* Begin PBXFrameworksBuildPhase section */
		BB6CBA421CC7218900193825 /* Frameworks */ = {
			isa = PBXFrameworksBuildPhase;
			buildActionMask = 2147483647;
			files = (
			);
			runOnlyForDeploymentPostprocessing = 0;
		};
		BB6CBA561CC7218900193825 /* Frameworks */ = {
			isa = PBXFrameworksBuildPhase;
			buildActionMask = 2147483647;
			files = (
			);
			runOnlyForDeploymentPostprocessing = 0;
		};
		BB6CBA611CC7218900193825 /* Frameworks */ = {
			isa = PBXFrameworksBuildPhase;
			buildActionMask = 2147483647;
			files = (
			);
			runOnlyForDeploymentPostprocessing = 0;
		};
/* End PBXFrameworksBuildPhase section */

/* Begin PBXGroup section */
		BB6CBA3C1CC7218900193825 = {
			isa = PBXGroup;
			children = (
				BB6CBA471CC7218900193825 /* HotChat */,
				BB6CBA5C1CC7218900193825 /* HotChatTests */,
				BB6CBA671CC7218A00193825 /* HotChatUITests */,
				BB6CBA461CC7218900193825 /* Products */,
			);
			sourceTree = "<group>";
		};
		BB6CBA461CC7218900193825 /* Products */ = {
			isa = PBXGroup;
			children = (
				BB6CBA451CC7218900193825 /* HotChat.app */,
				BB6CBA591CC7218900193825 /* HotChatTests.xctest */,
				BB6CBA641CC7218A00193825 /* HotChatUITests.xctest */,
			);
			name = Products;
			sourceTree = "<group>";
		};
		BB6CBA471CC7218900193825 /* HotChat */ = {
			isa = PBXGroup;
			children = (
				BB6CBA481CC7218900193825 /* AppDelegate.swift */,
				BB6CBA4F1CC7218900193825 /* Assets.xcassets */,
				CDE5663B1CCB003E00226321 /* extensions */,
				BB6CBA961CC73EEC00193825 /* helpers */,
				BB6CBA541CC7218900193825 /* Info.plist */,
				BB6CBA511CC7218900193825 /* LaunchScreen.storyboard */,
				BB6CBA4C1CC7218900193825 /* Main.storyboard */,
				BB6CBA951CC73ED700193825 /* managers */,
				BB6CBA781CC7232700193825 /* models */,
				CDE5664E1CCBCB1400226321 /* protocols */,
				BB6CBA4A1CC7218900193825 /* ViewController.swift */,
				BB6CBA791CC7232F00193825 /* viewcontrollers */,
				BB6CBA8C1CC7244C00193825 /* views */,
			);
			path = HotChat;
			sourceTree = "<group>";
		};
		BB6CBA5C1CC7218900193825 /* HotChatTests */ = {
			isa = PBXGroup;
			children = (
				BB6CBA5D1CC7218900193825 /* HotChatTests.swift */,
				BB6CBA5F1CC7218900193825 /* Info.plist */,
			);
			path = HotChatTests;
			sourceTree = "<group>";
		};
		BB6CBA671CC7218A00193825 /* HotChatUITests */ = {
			isa = PBXGroup;
			children = (
				BB6CBA681CC7218A00193825 /* HotChatUITests.swift */,
				BB6CBA6A1CC7218A00193825 /* Info.plist */,
			);
			path = HotChatUITests;
			sourceTree = "<group>";
		};
		BB6CBA781CC7232700193825 /* models */ = {
			isa = PBXGroup;
			children = (
				BB6CBA7A1CC7236C00193825 /* Chat.swift */,
				BB6CBA7E1CC7238000193825 /* Event.swift */,
				BB6CBA9D1CC7A5CB00193825 /* Location.swift */,
				BB6CBA7C1CC7237500193825 /* User.swift */,
			);
			name = models;
			sourceTree = "<group>";
		};
		BB6CBA791CC7232F00193825 /* viewcontrollers */ = {
			isa = PBXGroup;
			children = (
				CDE566401CCB150F00226321 /* AccountEditViewController.swift */,
				CDE566411CCB150F00226321 /* AccountEditViewController.xib */,
				BB6CBA841CC7240100193825 /* ChatListViewController.swift */,
				BB6CBA851CC7240100193825 /* ChatListViewController.xib */,
				CDE566481CCBAE2500226321 /* DateSettingViewController.swift */,
				CDE566491CCBAE2500226321 /* DateSettingViewController.xib */,
				CDAD178A1CC7DAF900A539BE /* EventCreateViewController.swift */,
				CDAD178B1CC7DAF900A539BE /* EventCreateViewController.xib */,
				BB6CBA801CC723E000193825 /* EventListTableViewController.swift */,
				BB6CBA811CC723E000193825 /* EventListTableViewController.xib */,
				BB6CBA881CC7243400193825 /* SearchStartViewController.swift */,
				BB6CBA891CC7243400193825 /* SearchStartViewController.xib */,
				CDE566441CCBAE0B00226321 /* TextInputViewController.swift */,
				CDE566451CCBAE0B00226321 /* TextInputViewController.xib */,
			);
			name = viewcontrollers;
			sourceTree = "<group>";
		};
		BB6CBA8C1CC7244C00193825 /* views */ = {
			isa = PBXGroup;
			children = (
				BB6CBA911CC7248700193825 /* ChatTableViewCell.swift */,
				BB6CBA921CC7248700193825 /* ChatOtherTableViewCell.xib */,
				BB6CBA9A1CC7409E00193825 /* ChatMeTableViewCell.xib */,
				BB6CBA8D1CC7247800193825 /* EventTableViewCell.swift */,
				BB6CBA8E1CC7247800193825 /* EventTableViewCell.xib */,
			);
			name = views;
			sourceTree = "<group>";
		};
		BB6CBA951CC73ED700193825 /* managers */ = {
			isa = PBXGroup;
			children = (
				CDE5663E1CCB148C00226321 /* AccountManager.swift */,
				BB6CBA971CC73F0D00193825 /* APIManager.swift */,
			);
			name = managers;
			sourceTree = "<group>";
		};
		BB6CBA961CC73EEC00193825 /* helpers */ = {
			isa = PBXGroup;
			children = (
			);
			name = helpers;
			sourceTree = "<group>";
		};
		CDE5663B1CCB003E00226321 /* extensions */ = {
			isa = PBXGroup;
			children = (
				CDE5663C1CCB005B00226321 /* UIViewExtension.swift */,
				CDE5664C1CCBB49000226321 /* NSDateExtension.swift */,
				CDE566501CCBCBFD00226321 /* UIColorExtension.swift */,
			);
			name = extensions;
			sourceTree = "<group>";
		};
		CDE5664E1CCBCB1400226321 /* protocols */ = {
			isa = PBXGroup;
			children = (
				CDE566521CCBCCF300226321 /* HotChatVC.swift */,
			);
			name = protocols;
			sourceTree = "<group>";
		};
/* End PBXGroup section */

/* Begin PBXNativeTarget section */
		BB6CBA441CC7218900193825 /* HotChat */ = {
			isa = PBXNativeTarget;
			buildConfigurationList = BB6CBA6D1CC7218A00193825 /* Build configuration list for PBXNativeTarget "HotChat" */;
			buildPhases = (
				BB6CBA411CC7218900193825 /* Sources */,
				BB6CBA421CC7218900193825 /* Frameworks */,
				BB6CBA431CC7218900193825 /* Resources */,
			);
			buildRules = (
			);
			dependencies = (
			);
			name = HotChat;
			productName = HotChat;
			productReference = BB6CBA451CC7218900193825 /* HotChat.app */;
			productType = "com.apple.product-type.application";
		};
		BB6CBA581CC7218900193825 /* HotChatTests */ = {
			isa = PBXNativeTarget;
			buildConfigurationList = BB6CBA701CC7218A00193825 /* Build configuration list for PBXNativeTarget "HotChatTests" */;
			buildPhases = (
				BB6CBA551CC7218900193825 /* Sources */,
				BB6CBA561CC7218900193825 /* Frameworks */,
				BB6CBA571CC7218900193825 /* Resources */,
			);
			buildRules = (
			);
			dependencies = (
				BB6CBA5B1CC7218900193825 /* PBXTargetDependency */,
			);
			name = HotChatTests;
			productName = HotChatTests;
			productReference = BB6CBA591CC7218900193825 /* HotChatTests.xctest */;
			productType = "com.apple.product-type.bundle.unit-test";
		};
		BB6CBA631CC7218900193825 /* HotChatUITests */ = {
			isa = PBXNativeTarget;
			buildConfigurationList = BB6CBA731CC7218A00193825 /* Build configuration list for PBXNativeTarget "HotChatUITests" */;
			buildPhases = (
				BB6CBA601CC7218900193825 /* Sources */,
				BB6CBA611CC7218900193825 /* Frameworks */,
				BB6CBA621CC7218900193825 /* Resources */,
			);
			buildRules = (
			);
			dependencies = (
				BB6CBA661CC7218A00193825 /* PBXTargetDependency */,
			);
			name = HotChatUITests;
			productName = HotChatUITests;
			productReference = BB6CBA641CC7218A00193825 /* HotChatUITests.xctest */;
			productType = "com.apple.product-type.bundle.ui-testing";
		};
/* End PBXNativeTarget section */

/* Begin PBXProject section */
		BB6CBA3D1CC7218900193825 /* Project object */ = {
			isa = PBXProject;
			attributes = {
				LastSwiftUpdateCheck = 0730;
				LastUpgradeCheck = 0730;
				ORGANIZATIONNAME = moguraproject;
				TargetAttributes = {
					BB6CBA441CC7218900193825 = {
						CreatedOnToolsVersion = 7.3;
					};
					BB6CBA581CC7218900193825 = {
						CreatedOnToolsVersion = 7.3;
						TestTargetID = BB6CBA441CC7218900193825;
					};
					BB6CBA631CC7218900193825 = {
						CreatedOnToolsVersion = 7.3;
						TestTargetID = BB6CBA441CC7218900193825;
					};
				};
			};
			buildConfigurationList = BB6CBA401CC7218900193825 /* Build configuration list for PBXProject "HotChat" */;
			compatibilityVersion = "Xcode 3.2";
			developmentRegion = English;
			hasScannedForEncodings = 0;
			knownRegions = (
				en,
				Base,
			);
			mainGroup = BB6CBA3C1CC7218900193825;
			productRefGroup = BB6CBA461CC7218900193825 /* Products */;
			projectDirPath = "";
			projectRoot = "";
			targets = (
				BB6CBA441CC7218900193825 /* HotChat */,
				BB6CBA581CC7218900193825 /* HotChatTests */,
				BB6CBA631CC7218900193825 /* HotChatUITests */,
			);
		};
/* End PBXProject section */

/* Begin PBXResourcesBuildPhase section */
		BB6CBA431CC7218900193825 /* Resources */ = {
			isa = PBXResourcesBuildPhase;
			buildActionMask = 2147483647;
			files = (
				BB6CBA831CC723E000193825 /* EventListTableViewController.xib in Resources */,
				BB6CBA9C1CC7409E00193825 /* ChatMeTableViewCell.xib in Resources */,
				BB6CBA941CC7248700193825 /* ChatOtherTableViewCell.xib in Resources */,
				CDE5664B1CCBAE2500226321 /* DateSettingViewController.xib in Resources */,
				BB6CBA8B1CC7243400193825 /* SearchStartViewController.xib in Resources */,
				BB6CBA531CC7218900193825 /* LaunchScreen.storyboard in Resources */,
				CDAD178D1CC7DAF900A539BE /* EventCreateViewController.xib in Resources */,
				BB6CBA501CC7218900193825 /* Assets.xcassets in Resources */,
				BB6CBA871CC7240100193825 /* ChatListViewController.xib in Resources */,
				CDE566471CCBAE0B00226321 /* TextInputViewController.xib in Resources */,
				BB6CBA4E1CC7218900193825 /* Main.storyboard in Resources */,
				BB6CBA901CC7247800193825 /* EventTableViewCell.xib in Resources */,
				CDE566431CCB150F00226321 /* AccountEditViewController.xib in Resources */,
			);
			runOnlyForDeploymentPostprocessing = 0;
		};
		BB6CBA571CC7218900193825 /* Resources */ = {
			isa = PBXResourcesBuildPhase;
			buildActionMask = 2147483647;
			files = (
			);
			runOnlyForDeploymentPostprocessing = 0;
		};
		BB6CBA621CC7218900193825 /* Resources */ = {
			isa = PBXResourcesBuildPhase;
			buildActionMask = 2147483647;
			files = (
			);
			runOnlyForDeploymentPostprocessing = 0;
		};
/* End PBXResourcesBuildPhase section */

/* Begin PBXSourcesBuildPhase section */
		BB6CBA411CC7218900193825 /* Sources */ = {
			isa = PBXSourcesBuildPhase;
			buildActionMask = 2147483647;
			files = (
				BB6CBA8F1CC7247800193825 /* EventTableViewCell.swift in Sources */,
				CDE5664D1CCBB49000226321 /* NSDateExtension.swift in Sources */,
				CDAD178C1CC7DAF900A539BE /* EventCreateViewController.swift in Sources */,
				BB6CBA821CC723E000193825 /* EventListTableViewController.swift in Sources */,
				CDE566461CCBAE0B00226321 /* TextInputViewController.swift in Sources */,
				CDE566531CCBCCF300226321 /* HotChatVC.swift in Sources */,
				BB6CBA7D1CC7237500193825 /* User.swift in Sources */,
				CDE5663D1CCB005B00226321 /* UIViewExtension.swift in Sources */,
				CDE566511CCBCBFD00226321 /* UIColorExtension.swift in Sources */,
				CDE5663F1CCB148C00226321 /* AccountManager.swift in Sources */,
				BB6CBA4B1CC7218900193825 /* ViewController.swift in Sources */,
				BB6CBA981CC73F0D00193825 /* APIManager.swift in Sources */,
				BB6CBA7B1CC7236C00193825 /* Chat.swift in Sources */,
				BB6CBA861CC7240100193825 /* ChatListViewController.swift in Sources */,
				BB6CBA8A1CC7243400193825 /* SearchStartViewController.swift in Sources */,
				BB6CBA931CC7248700193825 /* ChatTableViewCell.swift in Sources */,
				CDE566421CCB150F00226321 /* AccountEditViewController.swift in Sources */,
				BB6CBA491CC7218900193825 /* AppDelegate.swift in Sources */,
				BB6CBA9E1CC7A5CB00193825 /* Location.swift in Sources */,
				BB6CBA7F1CC7238000193825 /* Event.swift in Sources */,
				CDE5664A1CCBAE2500226321 /* DateSettingViewController.swift in Sources */,
			);
			runOnlyForDeploymentPostprocessing = 0;
		};
		BB6CBA551CC7218900193825 /* Sources */ = {
			isa = PBXSourcesBuildPhase;
			buildActionMask = 2147483647;
			files = (
				BB6CBA5E1CC7218900193825 /* HotChatTests.swift in Sources */,
			);
			runOnlyForDeploymentPostprocessing = 0;
		};
		BB6CBA601CC7218900193825 /* Sources */ = {
			isa = PBXSourcesBuildPhase;
			buildActionMask = 2147483647;
			files = (
				BB6CBA691CC7218A00193825 /* HotChatUITests.swift in Sources */,
			);
			runOnlyForDeploymentPostprocessing = 0;
		};
/* End PBXSourcesBuildPhase section */

/* Begin PBXTargetDependency section */
		BB6CBA5B1CC7218900193825 /* PBXTargetDependency */ = {
			isa = PBXTargetDependency;
			target = BB6CBA441CC7218900193825 /* HotChat */;
			targetProxy = BB6CBA5A1CC7218900193825 /* PBXContainerItemProxy */;
		};
		BB6CBA661CC7218A00193825 /* PBXTargetDependency */ = {
			isa = PBXTargetDependency;
			target = BB6CBA441CC7218900193825 /* HotChat */;
			targetProxy = BB6CBA651CC7218A00193825 /* PBXContainerItemProxy */;
		};
/* End PBXTargetDependency section */

/* Begin PBXVariantGroup section */
		BB6CBA4C1CC7218900193825 /* Main.storyboard */ = {
			isa = PBXVariantGroup;
			children = (
				BB6CBA4D1CC7218900193825 /* Base */,
			);
			name = Main.storyboard;
			sourceTree = "<group>";
		};
		BB6CBA511CC7218900193825 /* LaunchScreen.storyboard */ = {
			isa = PBXVariantGroup;
			children = (
				BB6CBA521CC7218900193825 /* Base */,
			);
			name = LaunchScreen.storyboard;
			sourceTree = "<group>";
		};
/* End PBXVariantGroup section */

/* Begin XCBuildConfiguration section */
		BB6CBA6B1CC7218A00193825 /* Debug */ = {
			isa = XCBuildConfiguration;
			buildSettings = {
				ALWAYS_SEARCH_USER_PATHS = NO;
				CLANG_ANALYZER_NONNULL = YES;
				CLANG_CXX_LANGUAGE_STANDARD = "gnu++0x";
				CLANG_CXX_LIBRARY = "libc++";
				CLANG_ENABLE_MODULES = YES;
				CLANG_ENABLE_OBJC_ARC = YES;
				CLANG_WARN_BOOL_CONVERSION = YES;
				CLANG_WARN_CONSTANT_CONVERSION = YES;
				CLANG_WARN_DIRECT_OBJC_ISA_USAGE = YES_ERROR;
				CLANG_WARN_EMPTY_BODY = YES;
				CLANG_WARN_ENUM_CONVERSION = YES;
				CLANG_WARN_INT_CONVERSION = YES;
				CLANG_WARN_OBJC_ROOT_CLASS = YES_ERROR;
				CLANG_WARN_UNREACHABLE_CODE = YES;
				CLANG_WARN__DUPLICATE_METHOD_MATCH = YES;
				"CODE_SIGN_IDENTITY[sdk=iphoneos*]" = "iPhone Developer";
				COPY_PHASE_STRIP = NO;
				DEBUG_INFORMATION_FORMAT = dwarf;
				ENABLE_STRICT_OBJC_MSGSEND = YES;
				ENABLE_TESTABILITY = YES;
				GCC_C_LANGUAGE_STANDARD = gnu99;
				GCC_DYNAMIC_NO_PIC = NO;
				GCC_NO_COMMON_BLOCKS = YES;
				GCC_OPTIMIZATION_LEVEL = 0;
				GCC_PREPROCESSOR_DEFINITIONS = (
					"DEBUG=1",
					"$(inherited)",
				);
				GCC_WARN_64_TO_32_BIT_CONVERSION = YES;
				GCC_WARN_ABOUT_RETURN_TYPE = YES_ERROR;
				GCC_WARN_UNDECLARED_SELECTOR = YES;
				GCC_WARN_UNINITIALIZED_AUTOS = YES_AGGRESSIVE;
				GCC_WARN_UNUSED_FUNCTION = YES;
				GCC_WARN_UNUSED_VARIABLE = YES;
				IPHONEOS_DEPLOYMENT_TARGET = 9.3;
				MTL_ENABLE_DEBUG_INFO = YES;
				ONLY_ACTIVE_ARCH = YES;
				SDKROOT = iphoneos;
				SWIFT_OPTIMIZATION_LEVEL = "-Onone";
			};
			name = Debug;
		};
		BB6CBA6C1CC7218A00193825 /* Release */ = {
			isa = XCBuildConfiguration;
			buildSettings = {
				ALWAYS_SEARCH_USER_PATHS = NO;
				CLANG_ANALYZER_NONNULL = YES;
				CLANG_CXX_LANGUAGE_STANDARD = "gnu++0x";
				CLANG_CXX_LIBRARY = "libc++";
				CLANG_ENABLE_MODULES = YES;
				CLANG_ENABLE_OBJC_ARC = YES;
				CLANG_WARN_BOOL_CONVERSION = YES;
				CLANG_WARN_CONSTANT_CONVERSION = YES;
				CLANG_WARN_DIRECT_OBJC_ISA_USAGE = YES_ERROR;
				CLANG_WARN_EMPTY_BODY = YES;
				CLANG_WARN_ENUM_CONVERSION = YES;
				CLANG_WARN_INT_CONVERSION = YES;
				CLANG_WARN_OBJC_ROOT_CLASS = YES_ERROR;
				CLANG_WARN_UNREACHABLE_CODE = YES;
				CLANG_WARN__DUPLICATE_METHOD_MATCH = YES;
				"CODE_SIGN_IDENTITY[sdk=iphoneos*]" = "iPhone Developer";
				COPY_PHASE_STRIP = NO;
				DEBUG_INFORMATION_FORMAT = "dwarf-with-dsym";
				ENABLE_NS_ASSERTIONS = NO;
				ENABLE_STRICT_OBJC_MSGSEND = YES;
				GCC_C_LANGUAGE_STANDARD = gnu99;
				GCC_NO_COMMON_BLOCKS = YES;
				GCC_WARN_64_TO_32_BIT_CONVERSION = YES;
				GCC_WARN_ABOUT_RETURN_TYPE = YES_ERROR;
				GCC_WARN_UNDECLARED_SELECTOR = YES;
				GCC_WARN_UNINITIALIZED_AUTOS = YES_AGGRESSIVE;
				GCC_WARN_UNUSED_FUNCTION = YES;
				GCC_WARN_UNUSED_VARIABLE = YES;
				IPHONEOS_DEPLOYMENT_TARGET = 9.3;
				MTL_ENABLE_DEBUG_INFO = NO;
				SDKROOT = iphoneos;
				VALIDATE_PRODUCT = YES;
			};
			name = Release;
		};
		BB6CBA6E1CC7218A00193825 /* Debug */ = {
			isa = XCBuildConfiguration;
			buildSettings = {
				ASSETCATALOG_COMPILER_APPICON_NAME = AppIcon;
				INFOPLIST_FILE = HotChat/Info.plist;
				LD_RUNPATH_SEARCH_PATHS = "$(inherited) @executable_path/Frameworks";
				PRODUCT_BUNDLE_IDENTIFIER = com.moguraproject.HotChat;
				PRODUCT_NAME = "$(TARGET_NAME)";
			};
			name = Debug;
		};
		BB6CBA6F1CC7218A00193825 /* Release */ = {
			isa = XCBuildConfiguration;
			buildSettings = {
				ASSETCATALOG_COMPILER_APPICON_NAME = AppIcon;
				INFOPLIST_FILE = HotChat/Info.plist;
				LD_RUNPATH_SEARCH_PATHS = "$(inherited) @executable_path/Frameworks";
				PRODUCT_BUNDLE_IDENTIFIER = com.moguraproject.HotChat;
				PRODUCT_NAME = "$(TARGET_NAME)";
			};
			name = Release;
		};
		BB6CBA711CC7218A00193825 /* Debug */ = {
			isa = XCBuildConfiguration;
			buildSettings = {
				BUNDLE_LOADER = "$(TEST_HOST)";
				INFOPLIST_FILE = HotChatTests/Info.plist;
				LD_RUNPATH_SEARCH_PATHS = "$(inherited) @executable_path/Frameworks @loader_path/Frameworks";
				PRODUCT_BUNDLE_IDENTIFIER = com.moguraproject.HotChatTests;
				PRODUCT_NAME = "$(TARGET_NAME)";
				TEST_HOST = "$(BUILT_PRODUCTS_DIR)/HotChat.app/HotChat";
			};
			name = Debug;
		};
		BB6CBA721CC7218A00193825 /* Release */ = {
			isa = XCBuildConfiguration;
			buildSettings = {
				BUNDLE_LOADER = "$(TEST_HOST)";
				INFOPLIST_FILE = HotChatTests/Info.plist;
				LD_RUNPATH_SEARCH_PATHS = "$(inherited) @executable_path/Frameworks @loader_path/Frameworks";
				PRODUCT_BUNDLE_IDENTIFIER = com.moguraproject.HotChatTests;
				PRODUCT_NAME = "$(TARGET_NAME)";
				TEST_HOST = "$(BUILT_PRODUCTS_DIR)/HotChat.app/HotChat";
			};
			name = Release;
		};
		BB6CBA741CC7218A00193825 /* Debug */ = {
			isa = XCBuildConfiguration;
			buildSettings = {
				INFOPLIST_FILE = HotChatUITests/Info.plist;
				LD_RUNPATH_SEARCH_PATHS = "$(inherited) @executable_path/Frameworks @loader_path/Frameworks";
				PRODUCT_BUNDLE_IDENTIFIER = com.moguraproject.HotChatUITests;
				PRODUCT_NAME = "$(TARGET_NAME)";
				TEST_TARGET_NAME = HotChat;
			};
			name = Debug;
		};
		BB6CBA751CC7218A00193825 /* Release */ = {
			isa = XCBuildConfiguration;
			buildSettings = {
				INFOPLIST_FILE = HotChatUITests/Info.plist;
				LD_RUNPATH_SEARCH_PATHS = "$(inherited) @executable_path/Frameworks @loader_path/Frameworks";
				PRODUCT_BUNDLE_IDENTIFIER = com.moguraproject.HotChatUITests;
				PRODUCT_NAME = "$(TARGET_NAME)";
				TEST_TARGET_NAME = HotChat;
			};
			name = Release;
		};
/* End XCBuildConfiguration section */

/* Begin XCConfigurationList section */
		BB6CBA401CC7218900193825 /* Build configuration list for PBXProject "HotChat" */ = {
			isa = XCConfigurationList;
			buildConfigurations = (
				BB6CBA6B1CC7218A00193825 /* Debug */,
				BB6CBA6C1CC7218A00193825 /* Release */,
			);
			defaultConfigurationIsVisible = 0;
			defaultConfigurationName = Release;
		};
		BB6CBA6D1CC7218A00193825 /* Build configuration list for PBXNativeTarget "HotChat" */ = {
			isa = XCConfigurationList;
			buildConfigurations = (
				BB6CBA6E1CC7218A00193825 /* Debug */,
				BB6CBA6F1CC7218A00193825 /* Release */,
			);
			defaultConfigurationIsVisible = 0;
			defaultConfigurationName = Release;
		};
		BB6CBA701CC7218A00193825 /* Build configuration list for PBXNativeTarget "HotChatTests" */ = {
			isa = XCConfigurationList;
			buildConfigurations = (
				BB6CBA711CC7218A00193825 /* Debug */,
				BB6CBA721CC7218A00193825 /* Release */,
			);
			defaultConfigurationIsVisible = 0;
			defaultConfigurationName = Release;
		};
		BB6CBA731CC7218A00193825 /* Build configuration list for PBXNativeTarget "HotChatUITests" */ = {
			isa = XCConfigurationList;
			buildConfigurations = (
				BB6CBA741CC7218A00193825 /* Debug */,
				BB6CBA751CC7218A00193825 /* Release */,
			);
			defaultConfigurationIsVisible = 0;
			defaultConfigurationName = Release;
		};
/* End XCConfigurationList section */
	};
	rootObject = BB6CBA3D1CC7218900193825 /* Project object */;
}
