PODS:
  - ReSwift (1.0.0)
  - ReSwiftRecorder (0.2.5):
    - ReSwift (~> 1.0.0)
  - ReSwiftRouter (0.2.7):
    - ReSwift (~> 1.0)

DEPENDENCIES:
  - ReSwift
  - ReSwiftRecorder
  - ReSwiftRouter

SPEC CHECKSUMS:
  ReSwift: 2097946852b045bcc04182b63cdab9ab7fc35812
  ReSwiftRecorder: 579782d0db780363bbe488e7b179ee90e5aaef86
  ReSwiftRouter: 2fce1ffa55c8d342f25d36875e57bd8fd7f2a24f

COCOAPODS: 0.39.0
